# THIS IS AN AUTOGENERATED FILE. DO NOT EDIT THIS FILE DIRECTLY.
# yarn lockfile v1


"@synonymdev/slashtags-common@^0.1.0":
  version "0.1.0"
  resolved "https://registry.yarnpkg.com/@synonymdev/slashtags-common/-/slashtags-common-0.1.0.tgz#66e55c45c50e9290054f851ff58d1de1e1593f8b"
  integrity sha512-0yPhcLJc7DWOoW/ajzjKdhxgC0QIK46Kw8fPybCI6C569CTi4NPnHIVzpZPj2pyyAP/g4NS1z69nizOYMNc92g==
  dependencies:
    varint "^6.0.0"

"@synonymdev/slashtags-docid@^0.1.0":
  version "0.1.0"
  resolved "https://registry.yarnpkg.com/@synonymdev/slashtags-docid/-/slashtags-docid-0.1.0.tgz#ed3d72167531733f68250adf441a60ba9e963c7c"
  integrity sha512-pyd2ZpKMlH0ntj7+hsUJ8x4BnuDYZWWOKFRP10jH/8QwTzjOyqjmIh8u6Ec4KI0o5nuWPC8pK2FOpSHZhXlg+g==
  dependencies:
    "@synonymdev/slashtags-common" "^0.1.0"
    multiformats "^9.4.6"

"@synonymdev/slashtags-url@^0.1.1":
  version "0.1.1"
  resolved "https://registry.yarnpkg.com/@synonymdev/slashtags-url/-/slashtags-url-0.1.1.tgz#97cd9491e5e9f6afbbb104e72f11ce059a12fd16"
  integrity sha512-31YrIxEzGQv/G+Z0VUfvy+J6xG0C5XDBAYNVsGtaEqBKRijUbAHgl4HGeiLSNACPnC6xUGN0bpYB1steEW1Evw==
  dependencies:
    "@synonymdev/slashtags-common" "^0.1.0"
    "@synonymdev/slashtags-docid" "^0.1.0"
    ajv "^8.6.2"
    ajv-formats "^2.1.1"
    multiformats "^9.4.7"

ajv-formats@^2.1.1:
  version "2.1.1"
  resolved "https://registry.yarnpkg.com/ajv-formats/-/ajv-formats-2.1.1.tgz#6e669400659eb74973bbf2e33327180a0996b520"
  integrity sha512-Wx0Kx52hxE7C18hkMEggYlEifqWZtYaRgouJor+WMdPnQyEK13vgEWyVNup7SoeeoLMsr4kf5h6dOW11I15MUA==
  dependencies:
    ajv "^8.0.0"

ajv@^8.0.0, ajv@^8.6.2:
  version "8.6.3"
  resolved "https://registry.yarnpkg.com/ajv/-/ajv-8.6.3.tgz#11a66527761dc3e9a3845ea775d2d3c0414e8764"
  integrity sha512-SMJOdDP6LqTkD0Uq8qLi+gMwSt0imXLSV080qFVwJCpH9U6Mb+SUGHAXM0KNbcBPguytWyvFxcHgMLe2D2XSpw==
  dependencies:
    fast-deep-equal "^3.1.1"
    json-schema-traverse "^1.0.0"
    require-from-string "^2.0.2"
    uri-js "^4.2.2"

fast-deep-equal@^3.1.1:
  version "3.1.3"
  resolved "https://registry.yarnpkg.com/fast-deep-equal/-/fast-deep-equal-3.1.3.tgz#3a7d56b559d6cbc3eb512325244e619a65c6c525"
  integrity sha512-f3qQ9oQy9j2AhBe/H9VC91wLmKBCCU/gDOnKNAYG5hswO7BLKj09Hc5HYNz9cGI++xlpDCIgDaitVs03ATR84Q==

json-schema-traverse@^1.0.0:
  version "1.0.0"
  resolved "https://registry.yarnpkg.com/json-schema-traverse/-/json-schema-traverse-1.0.0.tgz#ae7bcb3656ab77a73ba5c49bf654f38e6b6860e2"
  integrity sha512-NM8/P9n3XjXhIZn1lLhkFaACTOURQXjWhV4BA/RnOv8xvgqtqpAX9IO4mRQxSx1Rlo4tqzeqb0sOlruaOy3dug==

multiformats@^9.4.6, multiformats@^9.4.7:
  version "9.4.8"
  resolved "https://registry.yarnpkg.com/multiformats/-/multiformats-9.4.8.tgz#46f74ec116f7871f2a334cc6d4ad3d810dbac341"
  integrity sha512-EOJL02/kv+FD5hoItMhKgkYUUruJYMYFq4NQ6YkCh3jVQ5CuHo+OKdHeR50hAxEQmXQ9yvrM9BxLIk42xtfwnQ==

punycode@^2.1.0:
  version "2.1.1"
  resolved "https://registry.yarnpkg.com/punycode/-/punycode-2.1.1.tgz#b58b010ac40c22c5657616c8d2c2c02c7bf479ec"
  integrity sha512-XRsRjdf+j5ml+y/6GKHPZbrF/8p2Yga0JPtdqTIY2Xe5ohJPD9saDJJLPvp9+NSBprVvevdXZybnj2cv8OEd0A==

require-from-string@^2.0.2:
  version "2.0.2"
  resolved "https://registry.yarnpkg.com/require-from-string/-/require-from-string-2.0.2.tgz#89a7fdd938261267318eafe14f9c32e598c36909"
  integrity sha512-Xf0nWe6RseziFMu+Ap9biiUbmplq6S9/p+7w7YXP/JBHhrUDDUhwa+vANyubuqfZWTveU//DYVGsDG7RKL/vEw==

uri-js@^4.2.2:
  version "4.4.1"
  resolved "https://registry.yarnpkg.com/uri-js/-/uri-js-4.4.1.tgz#9b1a52595225859e55f669d928f88c6c57f2a77e"
  integrity sha512-7rKUyy33Q1yc98pQ1DAmLtwX109F7TIfWlW1Ydo8Wl1ii1SeHieeh0HHfPeL2fMXK6z0s8ecKs9frCuLJvndBg==
  dependencies:
    punycode "^2.1.0"

varint@^6.0.0:
  version "6.0.0"
  resolved "https://registry.yarnpkg.com/varint/-/varint-6.0.0.tgz#9881eb0ce8feaea6512439d19ddf84bf551661d0"
  integrity sha512-cXEIW6cfr15lFv563k4GuVuW/fiwjknytD37jIOLSdSWuOI6WnO/oKwmP2FQTU2l01LP8/M5TSAJpzUaGe3uWg==
